
Microsoft Visual Studio Solution File, Format Version 12.00
# Visual Studio Version 17
VisualStudioVersion = 17.1.32407.343
MinimumVisualStudioVersion = 10.0.40219.1
Project("{FAE04EC0-301F-11D3-BF4B-00C04F79EFBC}") = "Vista_Auto", "Vista_Auto\Vista_Auto.csproj", "{A032B696-048A-4C21-AA95-6AD336AD9CE3}"
EndProject
Project("{FAE04EC0-301F-11D3-BF4B-00C04F79EFBC}") = "Entidades", "Entidades\Entidades.csproj", "{03793200-E860-4328-B311-FEF1D340267B}"
EndProject
Project("{FAE04EC0-301F-11D3-BF4B-00C04F79EFBC}") = "BLL", "BLL\BLL.csproj", "{C28AB9C1-AD05-4191-8303-A27989FB17C2}"
EndProject
Project("{FAE04EC0-301F-11D3-BF4B-00C04F79EFBC}") = "Mapeadores", "Mapeadores\Mapeadores.csproj", "{94EA1FB7-724C-44AF-B717-70AD2419D1CD}"
EndProject
Project("{FAE04EC0-301F-11D3-BF4B-00C04F79EFBC}") = "DAO", "DAO\DAO.csproj", "{40D2074A-26F7-4E0F-82BF-78C866DA27F0}"
EndProject
Project("{FAE04EC0-301F-11D3-BF4B-00C04F79EFBC}") = "ServicioValidacionVista", "ServicioValidacionVista\ServicioValidacionVista.csproj", "{CAEE1330-307D-4BE3-A629-7FCA3E34C049}"
EndProject
Global
	GlobalSection(SolutionConfigurationPlatforms) = preSolution
		Debug|Any CPU = Debug|Any CPU
		Release|Any CPU = Release|Any CPU
	EndGlobalSection
	GlobalSection(ProjectConfigurationPlatforms) = postSolution
		{A032B696-048A-4C21-AA95-6AD336AD9CE3}.Debug|Any CPU.ActiveCfg = Debug|Any CPU
		{A032B696-048A-4C21-AA95-6AD336AD9CE3}.Debug|Any CPU.Build.0 = Debug|Any CPU
		{A032B696-048A-4C21-AA95-6AD336AD9CE3}.Release|Any CPU.ActiveCfg = Release|Any CPU
		{A032B696-048A-4C21-AA95-6AD336AD9CE3}.Release|Any CPU.Build.0 = Release|Any CPU
		{03793200-E860-4328-B311-FEF1D340267B}.Debug|Any CPU.ActiveCfg = Debug|Any CPU
		{03793200-E860-4328-B311-FEF1D340267B}.Debug|Any CPU.Build.0 = Debug|Any CPU
		{03793200-E860-4328-B311-FEF1D340267B}.Release|Any CPU.ActiveCfg = Release|Any CPU
		{03793200-E860-4328-B311-FEF1D340267B}.Release|Any CPU.Build.0 = Release|Any CPU
		{C28AB9C1-AD05-4191-8303-A27989FB17C2}.Debug|Any CPU.ActiveCfg = Debug|Any CPU
		{C28AB9C1-AD05-4191-8303-A27989FB17C2}.Debug|Any CPU.Build.0 = Debug|Any CPU
		{C28AB9C1-AD05-4191-8303-A27989FB17C2}.Release|Any CPU.ActiveCfg = Release|Any CPU
		{C28AB9C1-AD05-4191-8303-A27989FB17C2}.Release|Any CPU.Build.0 = Release|Any CPU
		{94EA1FB7-724C-44AF-B717-70AD2419D1CD}.Debug|Any CPU.ActiveCfg = Debug|Any CPU
		{94EA1FB7-724C-44AF-B717-70AD2419D1CD}.Debug|Any CPU.Build.0 = Debug|Any CPU
		{94EA1FB7-724C-44AF-B717-70AD2419D1CD}.Release|Any CPU.ActiveCfg = Release|Any CPU
		{94EA1FB7-724C-44AF-B717-70AD2419D1CD}.Release|Any CPU.Build.0 = Release|Any CPU
		{40D2074A-26F7-4E0F-82BF-78C866DA27F0}.Debug|Any CPU.ActiveCfg = Debug|Any CPU
		{40D2074A-26F7-4E0F-82BF-78C866DA27F0}.Debug|Any CPU.Build.0 = Debug|Any CPU
		{40D2074A-26F7-4E0F-82BF-78C866DA27F0}.Release|Any CPU.ActiveCfg = Release|Any CPU
		{40D2074A-26F7-4E0F-82BF-78C866DA27F0}.Release|Any CPU.Build.0 = Release|Any CPU
		{CAEE1330-307D-4BE3-A629-7FCA3E34C049}.Debug|Any CPU.ActiveCfg = Debug|Any CPU
		{CAEE1330-307D-4BE3-A629-7FCA3E34C049}.Debug|Any CPU.Build.0 = Debug|Any CPU
		{CAEE1330-307D-4BE3-A629-7FCA3E34C049}.Release|Any CPU.ActiveCfg = Release|Any CPU
		{CAEE1330-307D-4BE3-A629-7FCA3E34C049}.Release|Any CPU.Build.0 = Release|Any CPU
	EndGlobalSection
	GlobalSection(SolutionProperties) = preSolution
		HideSolutionNode = FALSE
	EndGlobalSection
	GlobalSection(ExtensibilityGlobals) = postSolution
		SolutionGuid = {5005CDFC-7A0F-4043-B5C0-CD3AB18D06B7}
	EndGlobalSection
EndGlobal
